
Microsoft Visual Studio Solution File, Format Version 12.00
# Visual Studio Version 17
VisualStudioVersion = 17.0.31903.59
MinimumVisualStudioVersion = 10.0.40219.1
Project("{FAE04EC0-301F-11D3-BF4B-00C04F79EFBC}") = "HelloWordl", "00_HelloWorld\HelloWordl.csproj", "{ABA305C3-04A3-430F-936B-7C61E05DC516}"
EndProject
Project("{FAE04EC0-301F-11D3-BF4B-00C04F79EFBC}") = "TypesChallenge", "02_Types_Challenges\TypesChallenge.csproj", "{0F3937B5-3AF4-4340-B092-0D9822A9F4A1}"
EndProject
Project("{FAE04EC0-301F-11D3-BF4B-00C04F79EFBC}") = "Operators", "03_Operators\Operators.csproj", "{90EAD29F-3C43-472B-9ADB-08F24CA5833E}"
EndProject
Project("{FAE04EC0-301F-11D3-BF4B-00C04F79EFBC}") = "Strings", "04_Strings\Strings.csproj", "{A97B2386-F794-4CC4-A73F-01AC3F4F9A6D}"
EndProject
Project("{FAE04EC0-301F-11D3-BF4B-00C04F79EFBC}") = "Booleans", "05_Booleans\Booleans.csproj", "{3CCF4256-0381-48CE-A25A-0A3DF7776AF1}"
EndProject
Project("{2150E333-8FDC-42A3-9474-1A3956D46DE8}") = "06_Conditionals", "06_Conditionals", "{CB206C19-1FBF-45F1-B64D-593B0E2B4052}"
EndProject
Project("{FAE04EC0-301F-11D3-BF4B-00C04F79EFBC}") = "IfStatements", "06_Conditionals\IfStatements\IfStatements.csproj", "{B023C0F2-07DC-4975-9E7D-5CAC2DD0175E}"
EndProject
Project("{FAE04EC0-301F-11D3-BF4B-00C04F79EFBC}") = "Ternaries", "06_Conditionals\Ternaries\Ternaries.csproj", "{039D6E06-0447-44B5-8C4A-8023FDD13A71}"
EndProject
Project("{FAE04EC0-301F-11D3-BF4B-00C04F79EFBC}") = "Switches", "06_Conditionals\Switches\Switches.csproj", "{41473EB3-00E3-4FD8-922F-9FF73238BF5F}"
EndProject
Project("{2150E333-8FDC-42A3-9474-1A3956D46DE8}") = "07_Loops", "07_Loops", "{A8EB1242-BFFA-4F54-B045-72765FB951D9}"
EndProject
Project("{FAE04EC0-301F-11D3-BF4B-00C04F79EFBC}") = "WhileLoops", "07_Loops\While\WhileLoops.csproj", "{78965427-D5EC-4D9E-9166-514681004FE7}"
EndProject
Project("{FAE04EC0-301F-11D3-BF4B-00C04F79EFBC}") = "ForLoops", "07_Loops\For\ForLoops.csproj", "{DB13FC61-E97F-4502-9934-BDE0DC8D870A}"
EndProject
Project("{FAE04EC0-301F-11D3-BF4B-00C04F79EFBC}") = "ForeachLoops", "07_Loops\Foreach\ForeachLoops.csproj", "{4CB40300-2C4A-48AD-9865-D82588BCE04D}"
EndProject
Project("{FAE04EC0-301F-11D3-BF4B-00C04F79EFBC}") = "Challenge", "07_Loops_Challenges\Challenge.csproj", "{F199A141-3CAF-4EA9-8EAC-61366C37CA58}"
EndProject
Global
	GlobalSection(SolutionConfigurationPlatforms) = preSolution
		Debug|Any CPU = Debug|Any CPU
		Release|Any CPU = Release|Any CPU
	EndGlobalSection
	GlobalSection(SolutionProperties) = preSolution
		HideSolutionNode = FALSE
	EndGlobalSection
	GlobalSection(ProjectConfigurationPlatforms) = postSolution
		{ABA305C3-04A3-430F-936B-7C61E05DC516}.Debug|Any CPU.ActiveCfg = Debug|Any CPU
		{ABA305C3-04A3-430F-936B-7C61E05DC516}.Debug|Any CPU.Build.0 = Debug|Any CPU
		{ABA305C3-04A3-430F-936B-7C61E05DC516}.Release|Any CPU.ActiveCfg = Release|Any CPU
		{ABA305C3-04A3-430F-936B-7C61E05DC516}.Release|Any CPU.Build.0 = Release|Any CPU
		{0F3937B5-3AF4-4340-B092-0D9822A9F4A1}.Debug|Any CPU.ActiveCfg = Debug|Any CPU
		{0F3937B5-3AF4-4340-B092-0D9822A9F4A1}.Debug|Any CPU.Build.0 = Debug|Any CPU
		{0F3937B5-3AF4-4340-B092-0D9822A9F4A1}.Release|Any CPU.ActiveCfg = Release|Any CPU
		{0F3937B5-3AF4-4340-B092-0D9822A9F4A1}.Release|Any CPU.Build.0 = Release|Any CPU
		{90EAD29F-3C43-472B-9ADB-08F24CA5833E}.Debug|Any CPU.ActiveCfg = Debug|Any CPU
		{90EAD29F-3C43-472B-9ADB-08F24CA5833E}.Debug|Any CPU.Build.0 = Debug|Any CPU
		{90EAD29F-3C43-472B-9ADB-08F24CA5833E}.Release|Any CPU.ActiveCfg = Release|Any CPU
		{90EAD29F-3C43-472B-9ADB-08F24CA5833E}.Release|Any CPU.Build.0 = Release|Any CPU
		{A97B2386-F794-4CC4-A73F-01AC3F4F9A6D}.Debug|Any CPU.ActiveCfg = Debug|Any CPU
		{A97B2386-F794-4CC4-A73F-01AC3F4F9A6D}.Debug|Any CPU.Build.0 = Debug|Any CPU
		{A97B2386-F794-4CC4-A73F-01AC3F4F9A6D}.Release|Any CPU.ActiveCfg = Release|Any CPU
		{A97B2386-F794-4CC4-A73F-01AC3F4F9A6D}.Release|Any CPU.Build.0 = Release|Any CPU
		{3CCF4256-0381-48CE-A25A-0A3DF7776AF1}.Debug|Any CPU.ActiveCfg = Debug|Any CPU
		{3CCF4256-0381-48CE-A25A-0A3DF7776AF1}.Debug|Any CPU.Build.0 = Debug|Any CPU
		{3CCF4256-0381-48CE-A25A-0A3DF7776AF1}.Release|Any CPU.ActiveCfg = Release|Any CPU
		{3CCF4256-0381-48CE-A25A-0A3DF7776AF1}.Release|Any CPU.Build.0 = Release|Any CPU
		{B023C0F2-07DC-4975-9E7D-5CAC2DD0175E}.Debug|Any CPU.ActiveCfg = Debug|Any CPU
		{B023C0F2-07DC-4975-9E7D-5CAC2DD0175E}.Debug|Any CPU.Build.0 = Debug|Any CPU
		{B023C0F2-07DC-4975-9E7D-5CAC2DD0175E}.Release|Any CPU.ActiveCfg = Release|Any CPU
		{B023C0F2-07DC-4975-9E7D-5CAC2DD0175E}.Release|Any CPU.Build.0 = Release|Any CPU
		{039D6E06-0447-44B5-8C4A-8023FDD13A71}.Debug|Any CPU.ActiveCfg = Debug|Any CPU
		{039D6E06-0447-44B5-8C4A-8023FDD13A71}.Debug|Any CPU.Build.0 = Debug|Any CPU
		{039D6E06-0447-44B5-8C4A-8023FDD13A71}.Release|Any CPU.ActiveCfg = Release|Any CPU
		{039D6E06-0447-44B5-8C4A-8023FDD13A71}.Release|Any CPU.Build.0 = Release|Any CPU
		{41473EB3-00E3-4FD8-922F-9FF73238BF5F}.Debug|Any CPU.ActiveCfg = Debug|Any CPU
		{41473EB3-00E3-4FD8-922F-9FF73238BF5F}.Debug|Any CPU.Build.0 = Debug|Any CPU
		{41473EB3-00E3-4FD8-922F-9FF73238BF5F}.Release|Any CPU.ActiveCfg = Release|Any CPU
		{41473EB3-00E3-4FD8-922F-9FF73238BF5F}.Release|Any CPU.Build.0 = Release|Any CPU
		{78965427-D5EC-4D9E-9166-514681004FE7}.Debug|Any CPU.ActiveCfg = Debug|Any CPU
		{78965427-D5EC-4D9E-9166-514681004FE7}.Debug|Any CPU.Build.0 = Debug|Any CPU
		{78965427-D5EC-4D9E-9166-514681004FE7}.Release|Any CPU.ActiveCfg = Release|Any CPU
		{78965427-D5EC-4D9E-9166-514681004FE7}.Release|Any CPU.Build.0 = Release|Any CPU
		{DB13FC61-E97F-4502-9934-BDE0DC8D870A}.Debug|Any CPU.ActiveCfg = Debug|Any CPU
		{DB13FC61-E97F-4502-9934-BDE0DC8D870A}.Debug|Any CPU.Build.0 = Debug|Any CPU
		{DB13FC61-E97F-4502-9934-BDE0DC8D870A}.Release|Any CPU.ActiveCfg = Release|Any CPU
		{DB13FC61-E97F-4502-9934-BDE0DC8D870A}.Release|Any CPU.Build.0 = Release|Any CPU
		{4CB40300-2C4A-48AD-9865-D82588BCE04D}.Debug|Any CPU.ActiveCfg = Debug|Any CPU
		{4CB40300-2C4A-48AD-9865-D82588BCE04D}.Debug|Any CPU.Build.0 = Debug|Any CPU
		{4CB40300-2C4A-48AD-9865-D82588BCE04D}.Release|Any CPU.ActiveCfg = Release|Any CPU
		{4CB40300-2C4A-48AD-9865-D82588BCE04D}.Release|Any CPU.Build.0 = Release|Any CPU
		{F199A141-3CAF-4EA9-8EAC-61366C37CA58}.Debug|Any CPU.ActiveCfg = Debug|Any CPU
		{F199A141-3CAF-4EA9-8EAC-61366C37CA58}.Debug|Any CPU.Build.0 = Debug|Any CPU
		{F199A141-3CAF-4EA9-8EAC-61366C37CA58}.Release|Any CPU.ActiveCfg = Release|Any CPU
		{F199A141-3CAF-4EA9-8EAC-61366C37CA58}.Release|Any CPU.Build.0 = Release|Any CPU
	EndGlobalSection
	GlobalSection(NestedProjects) = preSolution
		{B023C0F2-07DC-4975-9E7D-5CAC2DD0175E} = {CB206C19-1FBF-45F1-B64D-593B0E2B4052}
		{039D6E06-0447-44B5-8C4A-8023FDD13A71} = {CB206C19-1FBF-45F1-B64D-593B0E2B4052}
		{41473EB3-00E3-4FD8-922F-9FF73238BF5F} = {CB206C19-1FBF-45F1-B64D-593B0E2B4052}
		{78965427-D5EC-4D9E-9166-514681004FE7} = {A8EB1242-BFFA-4F54-B045-72765FB951D9}
		{DB13FC61-E97F-4502-9934-BDE0DC8D870A} = {A8EB1242-BFFA-4F54-B045-72765FB951D9}
		{4CB40300-2C4A-48AD-9865-D82588BCE04D} = {A8EB1242-BFFA-4F54-B045-72765FB951D9}
	EndGlobalSection
EndGlobal
